
Microsoft Visual Studio Solution File, Format Version 12.00
# Visual Studio 15
VisualStudioVersion = 15.0.26430.6
MinimumVisualStudioVersion = 10.0.40219.1
Project("{FAE04EC0-301F-11D3-BF4B-00C04F79EFBC}") = "windowsForm", "windowsForm\windowsForm.csproj", "{C2114C16-1F64-4804-958C-3898D22B5A4E}"
EndProject
Global
	GlobalSection(SolutionConfigurationPlatforms) = preSolution
		Debug|Any CPU = Debug|Any CPU
		Release|Any CPU = Release|Any CPU
	EndGlobalSection
	GlobalSection(ProjectConfigurationPlatforms) = postSolution
		{C2114C16-1F64-4804-958C-3898D22B5A4E}.Debug|Any CPU.ActiveCfg = Debug|Any CPU
		{C2114C16-1F64-4804-958C-3898D22B5A4E}.Debug|Any CPU.Build.0 = Debug|Any CPU
		{C2114C16-1F64-4804-958C-3898D22B5A4E}.Release|Any CPU.ActiveCfg = Release|Any CPU
		{C2114C16-1F64-4804-958C-3898D22B5A4E}.Release|Any CPU.Build.0 = Release|Any CPU
	EndGlobalSection
	GlobalSection(SolutionProperties) = preSolution
		HideSolutionNode = FALSE
	EndGlobalSection
EndGlobal
